
Microsoft Visual Studio Solution File, Format Version 12.00
# Visual Studio Version 17
VisualStudioVersion = 17.9.34701.34
MinimumVisualStudioVersion = 10.0.40219.1
Project("{FAE04EC0-301F-11D3-BF4B-00C04F79EFBC}") = "NP.1", "NP.1\NP.1.csproj", "{7756DE49-6CC6-4802-B52E-20505B45B5C9}"
EndProject
Project("{FAE04EC0-301F-11D3-BF4B-00C04F79EFBC}") = "NP.2", "NP.2\NP.2.csproj", "{D40CCBFB-8C27-49C8-BF38-75C624FBE554}"
EndProject
Project("{FAE04EC0-301F-11D3-BF4B-00C04F79EFBC}") = "NP.3", "NP.3\NP.3.csproj", "{8CDC8E9D-97AF-4417-B73D-FBD4E5EA6F49}"
EndProject
Project("{FAE04EC0-301F-11D3-BF4B-00C04F79EFBC}") = "NP.4", "NP4\NP.4.csproj", "{C559ECC5-FE91-4CC3-96BE-3476FB64CFC7}"
EndProject
Project("{FAE04EC0-301F-11D3-BF4B-00C04F79EFBC}") = "NP.5.1", "NP.5\NP.5.1.csproj", "{958E8462-CA1D-4500-81BA-A404E9E965B3}"
EndProject
Project("{FAE04EC0-301F-11D3-BF4B-00C04F79EFBC}") = "NP.5.2", "NP5.2\NP.5.2.csproj", "{70936F3C-8403-473E-9947-37970675F070}"
EndProject
Project("{FAE04EC0-301F-11D3-BF4B-00C04F79EFBC}") = "NP.5.3", "NP.5.3\NP.5.3.csproj", "{89969759-7B57-4793-BE3E-A96898628CFB}"
EndProject
Project("{FAE04EC0-301F-11D3-BF4B-00C04F79EFBC}") = "NP.5.4", "NP.5.4\NP.5.4.csproj", "{6173B2AC-115A-4F87-A12F-AD1B4CE33001}"
EndProject
Project("{FAE04EC0-301F-11D3-BF4B-00C04F79EFBC}") = "NP.5.5", "NP.5.5\NP.5.5.csproj", "{D1D35260-C09E-427D-9BE0-F5B1EB88FE20}"
EndProject
Project("{FAE04EC0-301F-11D3-BF4B-00C04F79EFBC}") = "NP.6.1", "NP.6.1\NP.6.1.csproj", "{4430063A-9D9A-49A0-96A6-AEC528171279}"
EndProject
Project("{FAE04EC0-301F-11D3-BF4B-00C04F79EFBC}") = "NP.6.2", "NP.6.2\NP.6.2.csproj", "{FD1329F7-EA4A-4433-91E8-9E745BF0B35A}"
EndProject
Project("{FAE04EC0-301F-11D3-BF4B-00C04F79EFBC}") = "NP.6.3", "NP.6.3\NP.6.3.csproj", "{869FA0C5-390A-47E7-91C7-3F75610014D0}"
EndProject
Project("{FAE04EC0-301F-11D3-BF4B-00C04F79EFBC}") = "NP.6.4", "NP.6.4\NP.6.4.csproj", "{D770E3C7-6AC0-4468-B307-2C2A9EDA0BF8}"
EndProject
Project("{FAE04EC0-301F-11D3-BF4B-00C04F79EFBC}") = "NP.7.1", "NP.7.1\NP.7.1.csproj", "{A74344A3-A8BC-46A8-8DB8-011C21240642}"
EndProject
Project("{FAE04EC0-301F-11D3-BF4B-00C04F79EFBC}") = "NP.8.1", "NP.8.1\NP.8.1.csproj", "{163E727F-A04B-445F-BEFF-54E8F0B0B3AB}"
EndProject
Project("{9A19103F-16F7-4668-BE54-9A1E7A4F7556}") = "NP.9.1F", "NP.9.1F\NP.9.1F.csproj", "{415D5EFE-D92F-45DF-8531-420868F65CC7}"
EndProject
Project("{9A19103F-16F7-4668-BE54-9A1E7A4F7556}") = "NP.9.2F", "NP.9.2F\NP.9.2F.csproj", "{8ADD7644-17BE-4362-8FAA-01136AF93B46}"
EndProject
Project("{9A19103F-16F7-4668-BE54-9A1E7A4F7556}") = "NP.9.3F", "NP.9.3F\NP.9.3F.csproj", "{CBD2CD38-8318-48EE-94B4-3BEA6EEAB766}"
EndProject
Project("{9A19103F-16F7-4668-BE54-9A1E7A4F7556}") = "NP.9.4F", "NP.9.4F\NP.9.4F.csproj", "{C62D53AC-BE11-4CC7-BA0B-36988B5D215A}"
EndProject
Project("{FAE04EC0-301F-11D3-BF4B-00C04F79EFBC}") = "NP.9.5F", "NP.9.5F\NP.9.5F.csproj", "{D965BEAA-7C38-49C6-92CA-9AC11AB5B0E0}"
EndProject
Global
	GlobalSection(SolutionConfigurationPlatforms) = preSolution
		Debug|Any CPU = Debug|Any CPU
		Release|Any CPU = Release|Any CPU
	EndGlobalSection
	GlobalSection(ProjectConfigurationPlatforms) = postSolution
		{7756DE49-6CC6-4802-B52E-20505B45B5C9}.Debug|Any CPU.ActiveCfg = Debug|Any CPU
		{7756DE49-6CC6-4802-B52E-20505B45B5C9}.Debug|Any CPU.Build.0 = Debug|Any CPU
		{7756DE49-6CC6-4802-B52E-20505B45B5C9}.Release|Any CPU.ActiveCfg = Release|Any CPU
		{7756DE49-6CC6-4802-B52E-20505B45B5C9}.Release|Any CPU.Build.0 = Release|Any CPU
		{D40CCBFB-8C27-49C8-BF38-75C624FBE554}.Debug|Any CPU.ActiveCfg = Debug|Any CPU
		{D40CCBFB-8C27-49C8-BF38-75C624FBE554}.Debug|Any CPU.Build.0 = Debug|Any CPU
		{D40CCBFB-8C27-49C8-BF38-75C624FBE554}.Release|Any CPU.ActiveCfg = Release|Any CPU
		{D40CCBFB-8C27-49C8-BF38-75C624FBE554}.Release|Any CPU.Build.0 = Release|Any CPU
		{8CDC8E9D-97AF-4417-B73D-FBD4E5EA6F49}.Debug|Any CPU.ActiveCfg = Debug|Any CPU
		{8CDC8E9D-97AF-4417-B73D-FBD4E5EA6F49}.Debug|Any CPU.Build.0 = Debug|Any CPU
		{8CDC8E9D-97AF-4417-B73D-FBD4E5EA6F49}.Release|Any CPU.ActiveCfg = Release|Any CPU
		{8CDC8E9D-97AF-4417-B73D-FBD4E5EA6F49}.Release|Any CPU.Build.0 = Release|Any CPU
		{C559ECC5-FE91-4CC3-96BE-3476FB64CFC7}.Debug|Any CPU.ActiveCfg = Debug|Any CPU
		{C559ECC5-FE91-4CC3-96BE-3476FB64CFC7}.Debug|Any CPU.Build.0 = Debug|Any CPU
		{C559ECC5-FE91-4CC3-96BE-3476FB64CFC7}.Release|Any CPU.ActiveCfg = Release|Any CPU
		{C559ECC5-FE91-4CC3-96BE-3476FB64CFC7}.Release|Any CPU.Build.0 = Release|Any CPU
		{958E8462-CA1D-4500-81BA-A404E9E965B3}.Debug|Any CPU.ActiveCfg = Debug|Any CPU
		{958E8462-CA1D-4500-81BA-A404E9E965B3}.Debug|Any CPU.Build.0 = Debug|Any CPU
		{958E8462-CA1D-4500-81BA-A404E9E965B3}.Release|Any CPU.ActiveCfg = Release|Any CPU
		{958E8462-CA1D-4500-81BA-A404E9E965B3}.Release|Any CPU.Build.0 = Release|Any CPU
		{70936F3C-8403-473E-9947-37970675F070}.Debug|Any CPU.ActiveCfg = Debug|Any CPU
		{70936F3C-8403-473E-9947-37970675F070}.Debug|Any CPU.Build.0 = Debug|Any CPU
		{70936F3C-8403-473E-9947-37970675F070}.Release|Any CPU.ActiveCfg = Release|Any CPU
		{70936F3C-8403-473E-9947-37970675F070}.Release|Any CPU.Build.0 = Release|Any CPU
		{89969759-7B57-4793-BE3E-A96898628CFB}.Debug|Any CPU.ActiveCfg = Debug|Any CPU
		{89969759-7B57-4793-BE3E-A96898628CFB}.Debug|Any CPU.Build.0 = Debug|Any CPU
		{89969759-7B57-4793-BE3E-A96898628CFB}.Release|Any CPU.ActiveCfg = Release|Any CPU
		{89969759-7B57-4793-BE3E-A96898628CFB}.Release|Any CPU.Build.0 = Release|Any CPU
		{6173B2AC-115A-4F87-A12F-AD1B4CE33001}.Debug|Any CPU.ActiveCfg = Debug|Any CPU
		{6173B2AC-115A-4F87-A12F-AD1B4CE33001}.Debug|Any CPU.Build.0 = Debug|Any CPU
		{6173B2AC-115A-4F87-A12F-AD1B4CE33001}.Release|Any CPU.ActiveCfg = Release|Any CPU
		{6173B2AC-115A-4F87-A12F-AD1B4CE33001}.Release|Any CPU.Build.0 = Release|Any CPU
		{D1D35260-C09E-427D-9BE0-F5B1EB88FE20}.Debug|Any CPU.ActiveCfg = Debug|Any CPU
		{D1D35260-C09E-427D-9BE0-F5B1EB88FE20}.Debug|Any CPU.Build.0 = Debug|Any CPU
		{D1D35260-C09E-427D-9BE0-F5B1EB88FE20}.Release|Any CPU.ActiveCfg = Release|Any CPU
		{D1D35260-C09E-427D-9BE0-F5B1EB88FE20}.Release|Any CPU.Build.0 = Release|Any CPU
		{4430063A-9D9A-49A0-96A6-AEC528171279}.Debug|Any CPU.ActiveCfg = Debug|Any CPU
		{4430063A-9D9A-49A0-96A6-AEC528171279}.Debug|Any CPU.Build.0 = Debug|Any CPU
		{4430063A-9D9A-49A0-96A6-AEC528171279}.Release|Any CPU.ActiveCfg = Release|Any CPU
		{4430063A-9D9A-49A0-96A6-AEC528171279}.Release|Any CPU.Build.0 = Release|Any CPU
		{FD1329F7-EA4A-4433-91E8-9E745BF0B35A}.Debug|Any CPU.ActiveCfg = Debug|Any CPU
		{FD1329F7-EA4A-4433-91E8-9E745BF0B35A}.Debug|Any CPU.Build.0 = Debug|Any CPU
		{FD1329F7-EA4A-4433-91E8-9E745BF0B35A}.Release|Any CPU.ActiveCfg = Release|Any CPU
		{FD1329F7-EA4A-4433-91E8-9E745BF0B35A}.Release|Any CPU.Build.0 = Release|Any CPU
		{869FA0C5-390A-47E7-91C7-3F75610014D0}.Debug|Any CPU.ActiveCfg = Debug|Any CPU
		{869FA0C5-390A-47E7-91C7-3F75610014D0}.Debug|Any CPU.Build.0 = Debug|Any CPU
		{869FA0C5-390A-47E7-91C7-3F75610014D0}.Release|Any CPU.ActiveCfg = Release|Any CPU
		{869FA0C5-390A-47E7-91C7-3F75610014D0}.Release|Any CPU.Build.0 = Release|Any CPU
		{D770E3C7-6AC0-4468-B307-2C2A9EDA0BF8}.Debug|Any CPU.ActiveCfg = Debug|Any CPU
		{D770E3C7-6AC0-4468-B307-2C2A9EDA0BF8}.Debug|Any CPU.Build.0 = Debug|Any CPU
		{D770E3C7-6AC0-4468-B307-2C2A9EDA0BF8}.Release|Any CPU.ActiveCfg = Release|Any CPU
		{D770E3C7-6AC0-4468-B307-2C2A9EDA0BF8}.Release|Any CPU.Build.0 = Release|Any CPU
		{A74344A3-A8BC-46A8-8DB8-011C21240642}.Debug|Any CPU.ActiveCfg = Debug|Any CPU
		{A74344A3-A8BC-46A8-8DB8-011C21240642}.Debug|Any CPU.Build.0 = Debug|Any CPU
		{A74344A3-A8BC-46A8-8DB8-011C21240642}.Release|Any CPU.ActiveCfg = Release|Any CPU
		{A74344A3-A8BC-46A8-8DB8-011C21240642}.Release|Any CPU.Build.0 = Release|Any CPU
		{163E727F-A04B-445F-BEFF-54E8F0B0B3AB}.Debug|Any CPU.ActiveCfg = Debug|Any CPU
		{163E727F-A04B-445F-BEFF-54E8F0B0B3AB}.Debug|Any CPU.Build.0 = Debug|Any CPU
		{163E727F-A04B-445F-BEFF-54E8F0B0B3AB}.Release|Any CPU.ActiveCfg = Release|Any CPU
		{163E727F-A04B-445F-BEFF-54E8F0B0B3AB}.Release|Any CPU.Build.0 = Release|Any CPU
		{415D5EFE-D92F-45DF-8531-420868F65CC7}.Debug|Any CPU.ActiveCfg = Debug|Any CPU
		{415D5EFE-D92F-45DF-8531-420868F65CC7}.Debug|Any CPU.Build.0 = Debug|Any CPU
		{415D5EFE-D92F-45DF-8531-420868F65CC7}.Release|Any CPU.ActiveCfg = Release|Any CPU
		{415D5EFE-D92F-45DF-8531-420868F65CC7}.Release|Any CPU.Build.0 = Release|Any CPU
		{8ADD7644-17BE-4362-8FAA-01136AF93B46}.Debug|Any CPU.ActiveCfg = Debug|Any CPU
		{8ADD7644-17BE-4362-8FAA-01136AF93B46}.Debug|Any CPU.Build.0 = Debug|Any CPU
		{8ADD7644-17BE-4362-8FAA-01136AF93B46}.Release|Any CPU.ActiveCfg = Release|Any CPU
		{8ADD7644-17BE-4362-8FAA-01136AF93B46}.Release|Any CPU.Build.0 = Release|Any CPU
		{CBD2CD38-8318-48EE-94B4-3BEA6EEAB766}.Debug|Any CPU.ActiveCfg = Debug|Any CPU
		{CBD2CD38-8318-48EE-94B4-3BEA6EEAB766}.Debug|Any CPU.Build.0 = Debug|Any CPU
		{CBD2CD38-8318-48EE-94B4-3BEA6EEAB766}.Release|Any CPU.ActiveCfg = Release|Any CPU
		{CBD2CD38-8318-48EE-94B4-3BEA6EEAB766}.Release|Any CPU.Build.0 = Release|Any CPU
		{C62D53AC-BE11-4CC7-BA0B-36988B5D215A}.Debug|Any CPU.ActiveCfg = Debug|Any CPU
		{C62D53AC-BE11-4CC7-BA0B-36988B5D215A}.Debug|Any CPU.Build.0 = Debug|Any CPU
		{C62D53AC-BE11-4CC7-BA0B-36988B5D215A}.Release|Any CPU.ActiveCfg = Release|Any CPU
		{C62D53AC-BE11-4CC7-BA0B-36988B5D215A}.Release|Any CPU.Build.0 = Release|Any CPU
		{D965BEAA-7C38-49C6-92CA-9AC11AB5B0E0}.Debug|Any CPU.ActiveCfg = Debug|Any CPU
		{D965BEAA-7C38-49C6-92CA-9AC11AB5B0E0}.Debug|Any CPU.Build.0 = Debug|Any CPU
		{D965BEAA-7C38-49C6-92CA-9AC11AB5B0E0}.Release|Any CPU.ActiveCfg = Release|Any CPU
		{D965BEAA-7C38-49C6-92CA-9AC11AB5B0E0}.Release|Any CPU.Build.0 = Release|Any CPU
	EndGlobalSection
	GlobalSection(SolutionProperties) = preSolution
		HideSolutionNode = FALSE
	EndGlobalSection
	GlobalSection(ExtensibilityGlobals) = postSolution
		SolutionGuid = {A4FE7FA1-0AFA-48AB-B549-12757FEC117E}
	EndGlobalSection
EndGlobal
